
Microsoft Visual Studio Solution File, Format Version 12.00
# Visual Studio Version 17
VisualStudioVersion = 17.6.33712.159
MinimumVisualStudioVersion = 10.0.40219.1
Project("{2150E333-8FDC-42A3-9474-1A3956D46DE8}") = "src", "src", "{5573EF60-2F3A-47F1-AE12-63F78E04E64B}"
	ProjectSection(SolutionItems) = preProject
		src\docker-compose.override.yml = src\docker-compose.override.yml
		src\docker-compose.yml = src\docker-compose.yml
		global.json = global.json
		README.md = README.md
	EndProjectSection
EndProject
Project("{2150E333-8FDC-42A3-9474-1A3956D46DE8}") = "Solution Items", "Solution Items", "{3E65B38F-A6D5-47CF-9187-3811149D98E1}"
	ProjectSection(SolutionItems) = preProject
		src\docker-compose.override.yml = src\docker-compose.override.yml
		src\docker-compose.yml = src\docker-compose.yml
		global.json = global.json
		README.md = README.md
	EndProjectSection
EndProject
Project("{2150E333-8FDC-42A3-9474-1A3956D46DE8}") = "Services", "Services", "{C1F058B2-6866-4E31-A517-0DE0C5B59C96}"
EndProject
Project("{2150E333-8FDC-42A3-9474-1A3956D46DE8}") = "Basket", "Basket", "{744B2699-4F9A-48AB-855E-CA61C78C73EC}"
EndProject
Project("{9A19103F-16F7-4668-BE54-9A1E7A4F7556}") = "Basket.Api", "src\Services\Basket.Api\Basket.Api.csproj", "{EE8681F3-C76D-4948-BA2C-7AE4CE071BA1}"
EndProject
Project("{2150E333-8FDC-42A3-9474-1A3956D46DE8}") = "Customer", "Customer", "{74D71C11-C8A5-4386-809F-307254F1D09E}"
EndProject
Project("{9A19103F-16F7-4668-BE54-9A1E7A4F7556}") = "Customer.Api", "src\Services\Customer.Api\Customer.Api.csproj", "{0DF20119-4FA0-4B84-9837-DADA50A3FFAD}"
EndProject
Project("{2150E333-8FDC-42A3-9474-1A3956D46DE8}") = "Ordering", "Ordering", "{491C23CA-6B87-45A9-B12F-B67BE9E80C32}"
EndProject
Project("{2150E333-8FDC-42A3-9474-1A3956D46DE8}") = "Inventoty", "Inventoty", "{0F53BADE-F283-4063-87FC-AD6D2EF7E7BA}"
EndProject
Project("{2150E333-8FDC-42A3-9474-1A3956D46DE8}") = "Product", "Product", "{3470F375-A7EA-4C54-9BDF-A0F94CF5909E}"
EndProject
Project("{2150E333-8FDC-42A3-9474-1A3956D46DE8}") = "ScheduledJob", "ScheduledJob", "{65DD20E0-D6FD-4330-BCF8-9566ED70514D}"
EndProject
Project("{9A19103F-16F7-4668-BE54-9A1E7A4F7556}") = "Product.Api", "src\Services\Product.Api\Product.Api.csproj", "{1B68E34B-C128-475B-A258-A66019D4551A}"
EndProject
Project("{2150E333-8FDC-42A3-9474-1A3956D46DE8}") = "ApiGateways", "ApiGateways", "{21C5F2F2-6C5A-4626-98FA-A2F6CDA081C9}"
EndProject
Project("{9A19103F-16F7-4668-BE54-9A1E7A4F7556}") = "OcelotApiGw", "src\ApiGateways\OcelotApiGw\OcelotApiGw.csproj", "{6588FA15-8DF7-4EDF-BD6C-1B43F7260F7D}"
EndProject
Project("{2150E333-8FDC-42A3-9474-1A3956D46DE8}") = "BuildingBlocks", "BuildingBlocks", "{AC9E3B12-5028-4951-BE74-D46A31F40F60}"
EndProject
Project("{9A19103F-16F7-4668-BE54-9A1E7A4F7556}") = "Common.Logging", "src\BuildingBlocks\Common.Logging\Common.Logging.csproj", "{6EAB86EE-69A5-4122-9BFC-282CC7245CEC}"
EndProject
Project("{9A19103F-16F7-4668-BE54-9A1E7A4F7556}") = "Infrastructures", "src\BuildingBlocks\Infrastructures\Infrastructures.csproj", "{FBDB8225-0105-49DC-9B6C-F50A9E467697}"
EndProject
Project("{9A19103F-16F7-4668-BE54-9A1E7A4F7556}") = "Shared", "src\BuildingBlocks\Shared\Shared.csproj", "{96F5665D-8434-4959-A7A4-776FED61B15A}"
EndProject
Project("{2150E333-8FDC-42A3-9474-1A3956D46DE8}") = "WebApps", "WebApps", "{81A1F959-6E1A-4CF3-B688-543F6E022476}"
EndProject
Project("{9A19103F-16F7-4668-BE54-9A1E7A4F7556}") = "WebHealthStatus", "src\WebApps\WebHealthStatus\WebHealthStatus.csproj", "{AEE13922-9A8B-421D-8748-B64E12AFA133}"
EndProject
Project("{2150E333-8FDC-42A3-9474-1A3956D46DE8}") = "test", "test", "{F454A5A5-5673-4393-AD33-94C1E24D1CAE}"
EndProject
Project("{9A19103F-16F7-4668-BE54-9A1E7A4F7556}") = "Contract", "src\BuildingBlocks\Contract\Contract.csproj", "{36C706C8-70DA-44F1-90A6-99612BADDE38}"
EndProject
Project("{9A19103F-16F7-4668-BE54-9A1E7A4F7556}") = "Ordering.Api", "src\Services\Ordering\Ordering.Api\Ordering.Api.csproj", "{8F6C6E94-6B91-4DCD-B2E3-65A1F4115B4B}"
EndProject
Project("{9A19103F-16F7-4668-BE54-9A1E7A4F7556}") = "Ordering.Application", "src\Services\Ordering\Ordering.Application\Ordering.Application.csproj", "{A63F8D42-3ACA-4CA9-97CD-91FCF1ADCCFF}"
EndProject
Project("{9A19103F-16F7-4668-BE54-9A1E7A4F7556}") = "Ordering.Domain", "src\Services\Ordering\Ordering.Domain\Ordering.Domain.csproj", "{87F13177-B4B0-479D-8971-54FFD75E8466}"
EndProject
Project("{9A19103F-16F7-4668-BE54-9A1E7A4F7556}") = "Ordering.Infrastructure", "src\Services\Ordering\Ordering.Infrastructure\Ordering.Infrastructure.csproj", "{CEA653F7-D9A2-4F48-B203-F0C946708C31}"
EndProject
Project("{2150E333-8FDC-42A3-9474-1A3956D46DE8}") = "EventBus", "EventBus", "{4FA230B5-29DA-464D-A2B5-AD78F6B91945}"
EndProject
Project("{9A19103F-16F7-4668-BE54-9A1E7A4F7556}") = "EvenBus.Messages", "src\BuildingBlocks\EventBus\EvenBus.Messages\EvenBus.Messages.csproj", "{538D578F-F699-48BB-94CB-3CA4A77D7831}"
EndProject
Project("{9A19103F-16F7-4668-BE54-9A1E7A4F7556}") = "Inventoty.Product.Api", "src\Services\Inventory\Inventoty.Product.Api\Inventoty.Product.Api.csproj", "{CF06746B-4B2B-4594-AF0F-D7346892689C}"
EndProject
Project("{9A19103F-16F7-4668-BE54-9A1E7A4F7556}") = "Inventory.Grpc", "src\Services\Inventory\Inventory.Grpc\Inventory.Grpc.csproj", "{5AFE91F2-97CF-4090-BE04-85F906CFE92B}"
EndProject
Project("{9A19103F-16F7-4668-BE54-9A1E7A4F7556}") = "Hangfire.Api", "src\Services\SchelduledJob\Hangfire.Api\Hangfire.Api.csproj", "{FE5E3BFB-300B-4BA6-AE7A-F99B7E29BE9B}"
EndProject
Project("{2150E333-8FDC-42A3-9474-1A3956D46DE8}") = "Saga.Orchestrator", "Saga.Orchestrator", "{3FF3DD49-F0D3-4206-8412-F89DB7556472}"
EndProject
Project("{9A19103F-16F7-4668-BE54-9A1E7A4F7556}") = "Saga.Orchestrator", "src\Saga.Orchestrator\Saga.Orchestrator\Saga.Orchestrator.csproj", "{52896C9B-859D-4A2B-83F7-C4F1265041DD}"
EndProject
Project("{2150E333-8FDC-42A3-9474-1A3956D46DE8}") = "Payment", "Payment", "{F011AC53-1CA2-44E6-8F09-EB97E171EF5E}"
EndProject
Project("{2150E333-8FDC-42A3-9474-1A3956D46DE8}") = "Shipment", "Shipment", "{01CBD5F1-67D4-4B1A-BC4C-E9FB43E08252}"
EndProject
Project("{FAE04EC0-301F-11D3-BF4B-00C04F79EFBC}") = "Payment.Api", "src\Services\Payment\Payment.Api\Payment.Api.csproj", "{21A32682-B64F-49F2-81CA-FC52092EEB32}"
EndProject
Project("{FAE04EC0-301F-11D3-BF4B-00C04F79EFBC}") = "Shipment.Api", "src\Services\Shipment\Shipment.Api\Shipment.Api.csproj", "{DB4E296D-F3AB-40DC-BB0B-F7B1D69152D5}"
EndProject
Global
	GlobalSection(SolutionConfigurationPlatforms) = preSolution
		Debug|Any CPU = Debug|Any CPU
		Release|Any CPU = Release|Any CPU
	EndGlobalSection
	GlobalSection(ProjectConfigurationPlatforms) = postSolution
		{EE8681F3-C76D-4948-BA2C-7AE4CE071BA1}.Debug|Any CPU.ActiveCfg = Debug|Any CPU
		{EE8681F3-C76D-4948-BA2C-7AE4CE071BA1}.Debug|Any CPU.Build.0 = Debug|Any CPU
		{EE8681F3-C76D-4948-BA2C-7AE4CE071BA1}.Release|Any CPU.ActiveCfg = Release|Any CPU
		{EE8681F3-C76D-4948-BA2C-7AE4CE071BA1}.Release|Any CPU.Build.0 = Release|Any CPU
		{0DF20119-4FA0-4B84-9837-DADA50A3FFAD}.Debug|Any CPU.ActiveCfg = Debug|Any CPU
		{0DF20119-4FA0-4B84-9837-DADA50A3FFAD}.Debug|Any CPU.Build.0 = Debug|Any CPU
		{0DF20119-4FA0-4B84-9837-DADA50A3FFAD}.Release|Any CPU.ActiveCfg = Release|Any CPU
		{0DF20119-4FA0-4B84-9837-DADA50A3FFAD}.Release|Any CPU.Build.0 = Release|Any CPU
		{1B68E34B-C128-475B-A258-A66019D4551A}.Debug|Any CPU.ActiveCfg = Debug|Any CPU
		{1B68E34B-C128-475B-A258-A66019D4551A}.Debug|Any CPU.Build.0 = Debug|Any CPU
		{1B68E34B-C128-475B-A258-A66019D4551A}.Release|Any CPU.ActiveCfg = Release|Any CPU
		{1B68E34B-C128-475B-A258-A66019D4551A}.Release|Any CPU.Build.0 = Release|Any CPU
		{6588FA15-8DF7-4EDF-BD6C-1B43F7260F7D}.Debug|Any CPU.ActiveCfg = Debug|Any CPU
		{6588FA15-8DF7-4EDF-BD6C-1B43F7260F7D}.Debug|Any CPU.Build.0 = Debug|Any CPU
		{6588FA15-8DF7-4EDF-BD6C-1B43F7260F7D}.Release|Any CPU.ActiveCfg = Release|Any CPU
		{6588FA15-8DF7-4EDF-BD6C-1B43F7260F7D}.Release|Any CPU.Build.0 = Release|Any CPU
		{6EAB86EE-69A5-4122-9BFC-282CC7245CEC}.Debug|Any CPU.ActiveCfg = Debug|Any CPU
		{6EAB86EE-69A5-4122-9BFC-282CC7245CEC}.Debug|Any CPU.Build.0 = Debug|Any CPU
		{6EAB86EE-69A5-4122-9BFC-282CC7245CEC}.Release|Any CPU.ActiveCfg = Release|Any CPU
		{6EAB86EE-69A5-4122-9BFC-282CC7245CEC}.Release|Any CPU.Build.0 = Release|Any CPU
		{FBDB8225-0105-49DC-9B6C-F50A9E467697}.Debug|Any CPU.ActiveCfg = Debug|Any CPU
		{FBDB8225-0105-49DC-9B6C-F50A9E467697}.Debug|Any CPU.Build.0 = Debug|Any CPU
		{FBDB8225-0105-49DC-9B6C-F50A9E467697}.Release|Any CPU.ActiveCfg = Release|Any CPU
		{FBDB8225-0105-49DC-9B6C-F50A9E467697}.Release|Any CPU.Build.0 = Release|Any CPU
		{96F5665D-8434-4959-A7A4-776FED61B15A}.Debug|Any CPU.ActiveCfg = Debug|Any CPU
		{96F5665D-8434-4959-A7A4-776FED61B15A}.Debug|Any CPU.Build.0 = Debug|Any CPU
		{96F5665D-8434-4959-A7A4-776FED61B15A}.Release|Any CPU.ActiveCfg = Release|Any CPU
		{96F5665D-8434-4959-A7A4-776FED61B15A}.Release|Any CPU.Build.0 = Release|Any CPU
		{AEE13922-9A8B-421D-8748-B64E12AFA133}.Debug|Any CPU.ActiveCfg = Debug|Any CPU
		{AEE13922-9A8B-421D-8748-B64E12AFA133}.Debug|Any CPU.Build.0 = Debug|Any CPU
		{AEE13922-9A8B-421D-8748-B64E12AFA133}.Release|Any CPU.ActiveCfg = Release|Any CPU
		{AEE13922-9A8B-421D-8748-B64E12AFA133}.Release|Any CPU.Build.0 = Release|Any CPU
		{36C706C8-70DA-44F1-90A6-99612BADDE38}.Debug|Any CPU.ActiveCfg = Debug|Any CPU
		{36C706C8-70DA-44F1-90A6-99612BADDE38}.Debug|Any CPU.Build.0 = Debug|Any CPU
		{36C706C8-70DA-44F1-90A6-99612BADDE38}.Release|Any CPU.ActiveCfg = Release|Any CPU
		{36C706C8-70DA-44F1-90A6-99612BADDE38}.Release|Any CPU.Build.0 = Release|Any CPU
		{8F6C6E94-6B91-4DCD-B2E3-65A1F4115B4B}.Debug|Any CPU.ActiveCfg = Debug|Any CPU
		{8F6C6E94-6B91-4DCD-B2E3-65A1F4115B4B}.Debug|Any CPU.Build.0 = Debug|Any CPU
		{8F6C6E94-6B91-4DCD-B2E3-65A1F4115B4B}.Release|Any CPU.ActiveCfg = Release|Any CPU
		{8F6C6E94-6B91-4DCD-B2E3-65A1F4115B4B}.Release|Any CPU.Build.0 = Release|Any CPU
		{A63F8D42-3ACA-4CA9-97CD-91FCF1ADCCFF}.Debug|Any CPU.ActiveCfg = Debug|Any CPU
		{A63F8D42-3ACA-4CA9-97CD-91FCF1ADCCFF}.Debug|Any CPU.Build.0 = Debug|Any CPU
		{A63F8D42-3ACA-4CA9-97CD-91FCF1ADCCFF}.Release|Any CPU.ActiveCfg = Release|Any CPU
		{A63F8D42-3ACA-4CA9-97CD-91FCF1ADCCFF}.Release|Any CPU.Build.0 = Release|Any CPU
		{87F13177-B4B0-479D-8971-54FFD75E8466}.Debug|Any CPU.ActiveCfg = Debug|Any CPU
		{87F13177-B4B0-479D-8971-54FFD75E8466}.Debug|Any CPU.Build.0 = Debug|Any CPU
		{87F13177-B4B0-479D-8971-54FFD75E8466}.Release|Any CPU.ActiveCfg = Release|Any CPU
		{87F13177-B4B0-479D-8971-54FFD75E8466}.Release|Any CPU.Build.0 = Release|Any CPU
		{CEA653F7-D9A2-4F48-B203-F0C946708C31}.Debug|Any CPU.ActiveCfg = Debug|Any CPU
		{CEA653F7-D9A2-4F48-B203-F0C946708C31}.Debug|Any CPU.Build.0 = Debug|Any CPU
		{CEA653F7-D9A2-4F48-B203-F0C946708C31}.Release|Any CPU.ActiveCfg = Release|Any CPU
		{CEA653F7-D9A2-4F48-B203-F0C946708C31}.Release|Any CPU.Build.0 = Release|Any CPU
		{538D578F-F699-48BB-94CB-3CA4A77D7831}.Debug|Any CPU.ActiveCfg = Debug|Any CPU
		{538D578F-F699-48BB-94CB-3CA4A77D7831}.Debug|Any CPU.Build.0 = Debug|Any CPU
		{538D578F-F699-48BB-94CB-3CA4A77D7831}.Release|Any CPU.ActiveCfg = Release|Any CPU
		{538D578F-F699-48BB-94CB-3CA4A77D7831}.Release|Any CPU.Build.0 = Release|Any CPU
		{CF06746B-4B2B-4594-AF0F-D7346892689C}.Debug|Any CPU.ActiveCfg = Debug|Any CPU
		{CF06746B-4B2B-4594-AF0F-D7346892689C}.Debug|Any CPU.Build.0 = Debug|Any CPU
		{CF06746B-4B2B-4594-AF0F-D7346892689C}.Release|Any CPU.ActiveCfg = Release|Any CPU
		{CF06746B-4B2B-4594-AF0F-D7346892689C}.Release|Any CPU.Build.0 = Release|Any CPU
		{5AFE91F2-97CF-4090-BE04-85F906CFE92B}.Debug|Any CPU.ActiveCfg = Debug|Any CPU
		{5AFE91F2-97CF-4090-BE04-85F906CFE92B}.Debug|Any CPU.Build.0 = Debug|Any CPU
		{5AFE91F2-97CF-4090-BE04-85F906CFE92B}.Release|Any CPU.ActiveCfg = Release|Any CPU
		{5AFE91F2-97CF-4090-BE04-85F906CFE92B}.Release|Any CPU.Build.0 = Release|Any CPU
		{FE5E3BFB-300B-4BA6-AE7A-F99B7E29BE9B}.Debug|Any CPU.ActiveCfg = Debug|Any CPU
		{FE5E3BFB-300B-4BA6-AE7A-F99B7E29BE9B}.Debug|Any CPU.Build.0 = Debug|Any CPU
		{FE5E3BFB-300B-4BA6-AE7A-F99B7E29BE9B}.Release|Any CPU.ActiveCfg = Release|Any CPU
		{FE5E3BFB-300B-4BA6-AE7A-F99B7E29BE9B}.Release|Any CPU.Build.0 = Release|Any CPU
		{52896C9B-859D-4A2B-83F7-C4F1265041DD}.Debug|Any CPU.ActiveCfg = Debug|Any CPU
		{52896C9B-859D-4A2B-83F7-C4F1265041DD}.Debug|Any CPU.Build.0 = Debug|Any CPU
		{52896C9B-859D-4A2B-83F7-C4F1265041DD}.Release|Any CPU.ActiveCfg = Release|Any CPU
		{52896C9B-859D-4A2B-83F7-C4F1265041DD}.Release|Any CPU.Build.0 = Release|Any CPU
		{21A32682-B64F-49F2-81CA-FC52092EEB32}.Debug|Any CPU.ActiveCfg = Debug|Any CPU
		{21A32682-B64F-49F2-81CA-FC52092EEB32}.Debug|Any CPU.Build.0 = Debug|Any CPU
		{21A32682-B64F-49F2-81CA-FC52092EEB32}.Release|Any CPU.ActiveCfg = Release|Any CPU
		{21A32682-B64F-49F2-81CA-FC52092EEB32}.Release|Any CPU.Build.0 = Release|Any CPU
		{DB4E296D-F3AB-40DC-BB0B-F7B1D69152D5}.Debug|Any CPU.ActiveCfg = Debug|Any CPU
		{DB4E296D-F3AB-40DC-BB0B-F7B1D69152D5}.Debug|Any CPU.Build.0 = Debug|Any CPU
		{DB4E296D-F3AB-40DC-BB0B-F7B1D69152D5}.Release|Any CPU.ActiveCfg = Release|Any CPU
		{DB4E296D-F3AB-40DC-BB0B-F7B1D69152D5}.Release|Any CPU.Build.0 = Release|Any CPU
	EndGlobalSection
	GlobalSection(SolutionProperties) = preSolution
		HideSolutionNode = FALSE
	EndGlobalSection
	GlobalSection(NestedProjects) = preSolution
		{C1F058B2-6866-4E31-A517-0DE0C5B59C96} = {5573EF60-2F3A-47F1-AE12-63F78E04E64B}
		{744B2699-4F9A-48AB-855E-CA61C78C73EC} = {C1F058B2-6866-4E31-A517-0DE0C5B59C96}
		{EE8681F3-C76D-4948-BA2C-7AE4CE071BA1} = {744B2699-4F9A-48AB-855E-CA61C78C73EC}
		{74D71C11-C8A5-4386-809F-307254F1D09E} = {C1F058B2-6866-4E31-A517-0DE0C5B59C96}
		{0DF20119-4FA0-4B84-9837-DADA50A3FFAD} = {74D71C11-C8A5-4386-809F-307254F1D09E}
		{491C23CA-6B87-45A9-B12F-B67BE9E80C32} = {C1F058B2-6866-4E31-A517-0DE0C5B59C96}
		{0F53BADE-F283-4063-87FC-AD6D2EF7E7BA} = {C1F058B2-6866-4E31-A517-0DE0C5B59C96}
		{3470F375-A7EA-4C54-9BDF-A0F94CF5909E} = {C1F058B2-6866-4E31-A517-0DE0C5B59C96}
		{65DD20E0-D6FD-4330-BCF8-9566ED70514D} = {C1F058B2-6866-4E31-A517-0DE0C5B59C96}
		{1B68E34B-C128-475B-A258-A66019D4551A} = {3470F375-A7EA-4C54-9BDF-A0F94CF5909E}
		{21C5F2F2-6C5A-4626-98FA-A2F6CDA081C9} = {5573EF60-2F3A-47F1-AE12-63F78E04E64B}
		{6588FA15-8DF7-4EDF-BD6C-1B43F7260F7D} = {21C5F2F2-6C5A-4626-98FA-A2F6CDA081C9}
		{AC9E3B12-5028-4951-BE74-D46A31F40F60} = {5573EF60-2F3A-47F1-AE12-63F78E04E64B}
		{6EAB86EE-69A5-4122-9BFC-282CC7245CEC} = {AC9E3B12-5028-4951-BE74-D46A31F40F60}
		{FBDB8225-0105-49DC-9B6C-F50A9E467697} = {AC9E3B12-5028-4951-BE74-D46A31F40F60}
		{96F5665D-8434-4959-A7A4-776FED61B15A} = {AC9E3B12-5028-4951-BE74-D46A31F40F60}
		{81A1F959-6E1A-4CF3-B688-543F6E022476} = {5573EF60-2F3A-47F1-AE12-63F78E04E64B}
		{AEE13922-9A8B-421D-8748-B64E12AFA133} = {81A1F959-6E1A-4CF3-B688-543F6E022476}
		{36C706C8-70DA-44F1-90A6-99612BADDE38} = {AC9E3B12-5028-4951-BE74-D46A31F40F60}
		{8F6C6E94-6B91-4DCD-B2E3-65A1F4115B4B} = {491C23CA-6B87-45A9-B12F-B67BE9E80C32}
		{A63F8D42-3ACA-4CA9-97CD-91FCF1ADCCFF} = {491C23CA-6B87-45A9-B12F-B67BE9E80C32}
		{87F13177-B4B0-479D-8971-54FFD75E8466} = {491C23CA-6B87-45A9-B12F-B67BE9E80C32}
		{CEA653F7-D9A2-4F48-B203-F0C946708C31} = {491C23CA-6B87-45A9-B12F-B67BE9E80C32}
		{4FA230B5-29DA-464D-A2B5-AD78F6B91945} = {AC9E3B12-5028-4951-BE74-D46A31F40F60}
		{538D578F-F699-48BB-94CB-3CA4A77D7831} = {4FA230B5-29DA-464D-A2B5-AD78F6B91945}
		{CF06746B-4B2B-4594-AF0F-D7346892689C} = {0F53BADE-F283-4063-87FC-AD6D2EF7E7BA}
		{5AFE91F2-97CF-4090-BE04-85F906CFE92B} = {0F53BADE-F283-4063-87FC-AD6D2EF7E7BA}
		{FE5E3BFB-300B-4BA6-AE7A-F99B7E29BE9B} = {65DD20E0-D6FD-4330-BCF8-9566ED70514D}
		{3FF3DD49-F0D3-4206-8412-F89DB7556472} = {5573EF60-2F3A-47F1-AE12-63F78E04E64B}
		{52896C9B-859D-4A2B-83F7-C4F1265041DD} = {3FF3DD49-F0D3-4206-8412-F89DB7556472}
		{F011AC53-1CA2-44E6-8F09-EB97E171EF5E} = {C1F058B2-6866-4E31-A517-0DE0C5B59C96}
		{01CBD5F1-67D4-4B1A-BC4C-E9FB43E08252} = {C1F058B2-6866-4E31-A517-0DE0C5B59C96}
		{21A32682-B64F-49F2-81CA-FC52092EEB32} = {F011AC53-1CA2-44E6-8F09-EB97E171EF5E}
		{DB4E296D-F3AB-40DC-BB0B-F7B1D69152D5} = {01CBD5F1-67D4-4B1A-BC4C-E9FB43E08252}
	EndGlobalSection
	GlobalSection(ExtensibilityGlobals) = postSolution
		SolutionGuid = {9ADC89B2-721E-47A7-B16D-0C7B4958ED83}
	EndGlobalSection
EndGlobal
